github.com/davecgh/go-spew v1.1.1 h1:vj9j/u1bqnvCEfJOwUhtlOARqs3+rkHYY13jYWTU97c=
github.com/davecgh/go-spew v1.1.1/go.mod h1:J7Y8YcW2NihsgmVo/mv3lAwl/skON4iLHjSsI+c5H38=
github.com/go-chi/chi/v5 v5.2.2 h1:CMwsvRVTbXVytCk1Wd72Zy1LAsAh9GxMmSNWLHCG618=
github.com/go-chi/chi/v5 v5.2.2/go.mod h1:L2yAIGWB3H+phAw1NxKwWM+7eUH/lU8pOMm5hHcoops=
github.com/go-test/deep v1.1.1 h1:0r/53hagsehfO4bzD2Pgr/+RgHqhmf+k1Bpse2cTu1U=
github.com/go-test/deep v1.1.1/go.mod h1:5C2ZWiW0ErCdrYzpqxLbTX7MG14M9iiw8DgHncVwcsE=
github.com/google/go-cmp v0.6.0 h1:ofyhxvXcZhMsU5ulbFiLKl/XBFqE1GSq7atu8tAmTRI=
github.com/google/go-cmp v0.6.0/go.mod h1:17dUlkBOakJ0+DkrSSNjCkIjxS6bF9zb3elmeNGIjoY=
github.com/google/uuid v1.6.0 h1:NIvaJDMOsjHA8n1jAhLSgzrAzy1Hgr+hNrb57e+94F0=
github.com/google/uuid v1.6.0/go.mod h1:TIyPZe4MgqvfeYDBFedMoGGpEw/LqOeaOT+nhxU+yHo=
github.com/gorilla/websocket v1.5.3 h1:saDtZ6Pbx/0u+bgYQ3q96pZgCzfhKXGPqt7kZ72aNNg=
github.com/gorilla/websocket v1.5.3/go.mod h1:YR8l580nyteQvAITg2hZ9XVh4b55+EU/adAjf1fMHhE=
github.com/m-mizutani/ctxlog v0.2.0 h1:9uS18pV/mb/90mc/DJp8no67pdOIlCai+L5hv/MkCso=
github.com/m-mizutani/ctxlog v0.2.0/go.mod h1:BTVGSqZO4JJgKBUJWBNo+Yy2j2xTGCYeEQ65h2VBMXE=
github.com/m-mizutani/goerr v1.0.0 h1:Qugt5SOgewtoE10r7of83ngbL9glRt+vSIxHcKfIfjo=
github.com/m-mizutani/goerr v1.0.0/go.mod h1:OoNepSLW5oF3dQWWZ3D2lVOTbzRsePvc6LrqhXcff5Y=
github.com/m-mizutani/goerr/v2 v2.0.0-beta.2 h1:3aA8RKFlWS6kX99+AJohdgIxiE5+Qwv6aIUD1QQXS2E=
github.com/m-mizutani/goerr/v2 v2.0.0-beta.2/go.mod h1:K9+tBb0+0681yHpyHYqJmoijxn9qJf5grjRb9nMXevc=
github.com/m-mizutani/gt v0.0.13 h1:v9frGFkagW6fBk24JP19usXKHfwrWw/drREI/AXib3w=
github.com/m-mizutani/gt v0.0.13/go.mod h1:0MPYSfGBLmYjTduzADVmIqD58ELQ5IfBFiK/f0FmB3k=
github.com/m-mizutani/masq v0.1.12-0.20250814024139-b8878bc94d3a h1:YaQHM/9TiS6JvoXXQ5FJ+iyevxyeQWAzFaCZH0M6Oek=
github.com/m-mizutani/masq v0.1.12-0.20250814024139-b8878bc94d3a/go.mod h1:H8jy743m5h+niZ1ByiZfPnLNnXzb7Khr/K59vT15f18=
github.com/pmezard/go-difflib v1.0.0 h1:4DBwDE0NGyQoBHbLQYPwSUPoCMWR5BEzIk/f1lZbAQM=
github.com/pmezard/go-difflib v1.0.0/go.mod h1:iKH77koFhYxTK1pcRnkKkqfTogsbg7gZNVY4sRDYZ/4=
github.com/slack-go/slack v0.17.3 h1:zV5qO3Q+WJAQ/XwbGfNFrRMaJ5T/naqaonyPV/1TP4g=
github.com/slack-go/slack v0.17.3/go.mod h1:X+UqOufi3LYQHDnMG1vxf0J8asC6+WllXrVrhl8/Prk=
github.com/stretchr/testify v1.10.0 h1:Xv5erBjTwe/5IxqUQTdXv5kgmIvbHo3QQyRwhJsOfJA=
github.com/stretchr/testify v1.10.0/go.mod h1:r2ic/lqez/lEtzL7wO/rwa5dbSLXVDPFyf8C91i36aY=
github.com/urfave/cli/v3 v3.4.1 h1:1M9UOCy5bLmGnuu1yn3t3CB4rG79Rtoxuv1sPhnm6qM=
github.com/urfave/cli/v3 v3.4.1/go.mod h1:FJSKtM/9AiiTOJL4fJ6TbMUkxBXn7GO9guZqoZtpYpo=
gopkg.in/yaml.v3 v3.0.1 h1:fxVm/GzAzEWqLHuvctI91KS9hhNmmWOoWu0XTYJS7CA=
gopkg.in/yaml.v3 v3.0.1/go.mod h1:K4uyk7z7BCEPqu6E+C64Yfv1cQ7kz7rIZviUmN+EgEM=
